<?xml version="1.0" encoding="utf-8"?>
<Project ToolsVersion="14.0" xmlns="http://schemas.microsoft.com/developer/msbuild/2003">
  <ItemGroup>
    <ClCompile Include="debug.cpp" />
    <ClCompile Include="Game.cpp" />
    <ClCompile Include="GameObject.cpp" />
    <ClCompile Include="Goomba.cpp" />
    <ClCompile Include="Sprites.cpp" />
    <ClCompile Include="Textures.cpp" />
    <ClCompile Include="Brick.cpp">
      <Filter>Map</Filter>
    </ClCompile>
    <ClCompile Include="Camera.cpp">
      <Filter>Camera</Filter>
    </ClCompile>
    <ClCompile Include="main.cpp" />
    <ClCompile Include="Aladin.cpp">
      <Filter>Aladin</Filter>
    </ClCompile>
    <ClCompile Include="dxGraphics.cpp" />
    <ClCompile Include="TileMap.cpp">
      <Filter>Map</Filter>
    </ClCompile>
    <ClCompile Include="GameScene.cpp">
      <Filter>Map</Filter>
    </ClCompile>
    <ClCompile Include="Grid.cpp">
      <Filter>Grid</Filter>
    </ClCompile>
    <ClCompile Include="Enemy1.cpp">
      <Filter>Enemy</Filter>
    </ClCompile>
    <ClCompile Include="Enemy2.cpp">
      <Filter>Enemy</Filter>
    </ClCompile>
    <ClCompile Include="Bat.cpp">
      <Filter>Enemy</Filter>
    </ClCompile>
    <ClCompile Include="Enemy3.cpp">
      <Filter>Enemy</Filter>
    </ClCompile>
    <ClCompile Include="Land.cpp">
      <Filter>Map</Filter>
    </ClCompile>
    <ClCompile Include="texSurface.cpp">
      <Filter>Map</Filter>
    </ClCompile>
  </ItemGroup>
  <ItemGroup>
    <ClInclude Include="debug.h" />
    <ClInclude Include="Define.h" />
    <ClInclude Include="Game.h" />
    <ClInclude Include="GameObject.h" />
    <ClInclude Include="Goomba.h" />
    <ClInclude Include="Sprites.h" />
    <ClInclude Include="Textures.h" />
    <ClInclude Include="Brick.h">
      <Filter>Map</Filter>
    </ClInclude>
    <ClInclude Include="Camera.h">
      <Filter>Camera</Filter>
    </ClInclude>
    <ClInclude Include="Aladin.h">
      <Filter>Aladin</Filter>
    </ClInclude>
    <ClInclude Include="dxGraphics.h" />
    <ClInclude Include="TileMap.h">
      <Filter>Map</Filter>
    </ClInclude>
    <ClInclude Include="GameScene.h">
      <Filter>Map</Filter>
    </ClInclude>
    <ClInclude Include="Grid.h">
      <Filter>Grid</Filter>
    </ClInclude>
    <ClInclude Include="Enemy1.h">
      <Filter>Enemy</Filter>
    </ClInclude>
    <ClInclude Include="Enemy2.h">
      <Filter>Enemy</Filter>
    </ClInclude>
    <ClInclude Include="Bat.h">
      <Filter>Enemy</Filter>
    </ClInclude>
    <ClInclude Include="Enemy3.h">
      <Filter>Enemy</Filter>
    </ClInclude>
    <ClInclude Include="Land.h">
      <Filter>Map</Filter>
    </ClInclude>
    <ClInclude Include="texSurface.h">
      <Filter>Map</Filter>
    </ClInclude>
  </ItemGroup>
  <ItemGroup>
    <Filter Include="Map">
      <UniqueIdentifier>{078be438-2424-47aa-919b-b461d3c2bea1}</UniqueIdentifier>
    </Filter>
    <Filter Include="Aladin">
      <UniqueIdentifier>{22126a68-5897-4b2e-8116-3f7da13e0f36}</UniqueIdentifier>
    </Filter>
    <Filter Include="Camera">
      <UniqueIdentifier>{cddc6dc2-5cab-4fbb-94f8-9f73f827d68a}</UniqueIdentifier>
    </Filter>
    <Filter Include="Grid">
      <UniqueIdentifier>{e4d95180-10c9-464f-b7e4-8ed23ea0d060}</UniqueIdentifier>
    </Filter>
    <Filter Include="Enemy">
      <UniqueIdentifier>{72d57aed-2bfc-46f1-b6d7-26b576702b19}</UniqueIdentifier>
    </Filter>
  </ItemGroup>
</Project>