<?xml version="1.0" encoding="utf-8"?>
<Project ToolsVersion="14.0" xmlns="http://schemas.microsoft.com/developer/msbuild/2003">
  <ItemGroup>
    <ClCompile Include="Brick.cpp">
      <Filter>Map</Filter>
    </ClCompile>
    <ClCompile Include="Camera.cpp">
      <Filter>Camera</Filter>
    </ClCompile>
    <ClCompile Include="main.cpp" />
    <ClCompile Include="Aladin.cpp">
      <Filter>Aladin</Filter>
    </ClCompile>
    <ClCompile Include="TileMap.cpp">
      <Filter>Map</Filter>
    </ClCompile>
    <ClCompile Include="GameScene.cpp">
      <Filter>Map</Filter>
    </ClCompile>
    <ClCompile Include="Grid.cpp">
      <Filter>Grid</Filter>
    </ClCompile>
    <ClCompile Include="Enemy1.cpp">
      <Filter>Enemy</Filter>
    </ClCompile>
    <ClCompile Include="Enemy2.cpp">
      <Filter>Enemy</Filter>
    </ClCompile>
    <ClCompile Include="Bat.cpp">
      <Filter>Enemy</Filter>
    </ClCompile>
    <ClCompile Include="Enemy3.cpp">
      <Filter>Enemy</Filter>
    </ClCompile>
    <ClCompile Include="Land.cpp">
      <Filter>Map</Filter>
    </ClCompile>
    <ClCompile Include="texSurface.cpp">
      <Filter>Map</Filter>
    </ClCompile>
    <ClCompile Include="Scene.cpp">
      <Filter>Scene</Filter>
    </ClCompile>
    <ClCompile Include="Scene2.cpp">
      <Filter>Scene</Filter>
    </ClCompile>
    <ClCompile Include="Scene1.cpp">
      <Filter>Scene</Filter>
    </ClCompile>
    <ClCompile Include="Jafar.cpp">
      <Filter>Enemy</Filter>
    </ClCompile>
    <ClCompile Include="FireAngry.cpp">
      <Filter>Enemy</Filter>
    </ClCompile>
    <ClCompile Include="FireAttack.cpp">
      <Filter>Enemy</Filter>
    </ClCompile>
    <ClCompile Include="Star.cpp">
      <Filter>Enemy</Filter>
    </ClCompile>
    <ClCompile Include="ItemApple.cpp">
      <Filter>Items</Filter>
    </ClCompile>
    <ClCompile Include="ItemRuby.cpp">
      <Filter>Items</Filter>
    </ClCompile>
    <ClCompile Include="ItemsExHeath.cpp">
      <Filter>Items</Filter>
    </ClCompile>
    <ClCompile Include="PositionPot.cpp">
      <Filter>Items</Filter>
    </ClCompile>
    <ClCompile Include="ItemGenie.cpp">
      <Filter>Items</Filter>
    </ClCompile>
    <ClCompile Include="Shop.cpp">
      <Filter>Items</Filter>
    </ClCompile>
    <ClCompile Include="Bone.cpp">
      <Filter>Enemy</Filter>
    </ClCompile>
    <ClCompile Include="debug.cpp">
      <Filter>Game</Filter>
    </ClCompile>
    <ClCompile Include="dxGraphics.cpp">
      <Filter>Game</Filter>
    </ClCompile>
    <ClCompile Include="Game.cpp">
      <Filter>Game</Filter>
    </ClCompile>
    <ClCompile Include="GameObject.cpp">
      <Filter>Game</Filter>
    </ClCompile>
    <ClCompile Include="Sprites.cpp">
      <Filter>Game</Filter>
    </ClCompile>
    <ClCompile Include="Textures.cpp">
      <Filter>Game</Filter>
    </ClCompile>
    <ClCompile Include="Apple.cpp">
      <Filter>weep</Filter>
    </ClCompile>
    <ClCompile Include="Sword.cpp">
      <Filter>weep</Filter>
    </ClCompile>
    <ClCompile Include="UI.cpp" />
    <ClCompile Include="SceneChange.cpp">
      <Filter>Scene</Filter>
    </ClCompile>
    <ClCompile Include="MonKey.cpp" />
  </ItemGroup>
  <ItemGroup>
    <ClInclude Include="Brick.h">
      <Filter>Map</Filter>
    </ClInclude>
    <ClInclude Include="Camera.h">
      <Filter>Camera</Filter>
    </ClInclude>
    <ClInclude Include="Aladin.h">
      <Filter>Aladin</Filter>
    </ClInclude>
    <ClInclude Include="TileMap.h">
      <Filter>Map</Filter>
    </ClInclude>
    <ClInclude Include="GameScene.h">
      <Filter>Map</Filter>
    </ClInclude>
    <ClInclude Include="Grid.h">
      <Filter>Grid</Filter>
    </ClInclude>
    <ClInclude Include="Enemy1.h">
      <Filter>Enemy</Filter>
    </ClInclude>
    <ClInclude Include="Enemy2.h">
      <Filter>Enemy</Filter>
    </ClInclude>
    <ClInclude Include="Bat.h">
      <Filter>Enemy</Filter>
    </ClInclude>
    <ClInclude Include="Land.h">
      <Filter>Map</Filter>
    </ClInclude>
    <ClInclude Include="texSurface.h">
      <Filter>Map</Filter>
    </ClInclude>
    <ClInclude Include="Scene.h">
      <Filter>Scene</Filter>
    </ClInclude>
    <ClInclude Include="Scene2.h">
      <Filter>Scene</Filter>
    </ClInclude>
    <ClInclude Include="Scene1.h">
      <Filter>Scene</Filter>
    </ClInclude>
    <ClInclude Include="Jafar.h">
      <Filter>Enemy</Filter>
    </ClInclude>
    <ClInclude Include="FireAngry.h">
      <Filter>Enemy</Filter>
    </ClInclude>
    <ClInclude Include="Define.h" />
    <ClInclude Include="Enemy3.h">
      <Filter>Enemy</Filter>
    </ClInclude>
    <ClInclude Include="FireAttack.h">
      <Filter>Enemy</Filter>
    </ClInclude>
    <ClInclude Include="Star.h">
      <Filter>Enemy</Filter>
    </ClInclude>
    <ClInclude Include="ItemApple.h">
      <Filter>Items</Filter>
    </ClInclude>
    <ClInclude Include="ItemRuby.h">
      <Filter>Items</Filter>
    </ClInclude>
    <ClInclude Include="ItemsExHeath.h">
      <Filter>Items</Filter>
    </ClInclude>
    <ClInclude Include="PositionPot.h">
      <Filter>Items</Filter>
    </ClInclude>
    <ClInclude Include="ItemGenie.h">
      <Filter>Items</Filter>
    </ClInclude>
    <ClInclude Include="Shop.h">
      <Filter>Items</Filter>
    </ClInclude>
    <ClInclude Include="ActiveRange.h" />
    <ClInclude Include="Bone.h">
      <Filter>Enemy</Filter>
    </ClInclude>
    <ClInclude Include="debug.h">
      <Filter>Game</Filter>
    </ClInclude>
    <ClInclude Include="dxGraphics.h">
      <Filter>Game</Filter>
    </ClInclude>
    <ClInclude Include="Game.h">
      <Filter>Game</Filter>
    </ClInclude>
    <ClInclude Include="GameObject.h">
      <Filter>Game</Filter>
    </ClInclude>
    <ClInclude Include="Sprites.h">
      <Filter>Game</Filter>
    </ClInclude>
    <ClInclude Include="Textures.h">
      <Filter>Game</Filter>
    </ClInclude>
    <ClInclude Include="Apple.h">
      <Filter>weep</Filter>
    </ClInclude>
    <ClInclude Include="Sword.h">
      <Filter>weep</Filter>
    </ClInclude>
    <ClInclude Include="UI.h" />
    <ClInclude Include="SceneChange.h">
      <Filter>Scene</Filter>
    </ClInclude>
    <ClInclude Include="MonKey.h" />
  </ItemGroup>
  <ItemGroup>
    <Filter Include="Map">
      <UniqueIdentifier>{078be438-2424-47aa-919b-b461d3c2bea1}</UniqueIdentifier>
    </Filter>
    <Filter Include="Aladin">
      <UniqueIdentifier>{22126a68-5897-4b2e-8116-3f7da13e0f36}</UniqueIdentifier>
    </Filter>
    <Filter Include="Camera">
      <UniqueIdentifier>{cddc6dc2-5cab-4fbb-94f8-9f73f827d68a}</UniqueIdentifier>
    </Filter>
    <Filter Include="Grid">
      <UniqueIdentifier>{e4d95180-10c9-464f-b7e4-8ed23ea0d060}</UniqueIdentifier>
    </Filter>
    <Filter Include="Enemy">
      <UniqueIdentifier>{72d57aed-2bfc-46f1-b6d7-26b576702b19}</UniqueIdentifier>
    </Filter>
    <Filter Include="Scene">
      <UniqueIdentifier>{45bdbf13-50ce-4232-9fcb-9527cbdb1df4}</UniqueIdentifier>
    </Filter>
    <Filter Include="Items">
      <UniqueIdentifier>{262dc2a2-ff69-444a-94bf-a1d04d7f7e3f}</UniqueIdentifier>
    </Filter>
    <Filter Include="Game">
      <UniqueIdentifier>{88474ff6-c3c8-4c80-98b9-abac16e0057b}</UniqueIdentifier>
    </Filter>
    <Filter Include="weep">
      <UniqueIdentifier>{c986161f-4313-4c72-8ade-17b54fef8b0a}</UniqueIdentifier>
    </Filter>
  </ItemGroup>
</Project>